// !$*UTF8*$!
{
	archiveVersion = 1;
	classes = {
	};
	objectVersion = 50;
	objects = {

/* Begin PBXBuildFile section */
		9D014C3E248C4A5E00758FCC /* SignupVC.swift in Sources */ = {isa = PBXBuildFile; fileRef = 9D014C3D248C4A5E00758FCC /* SignupVC.swift */; };
		9D014C40248C4C3600758FCC /* UIViewController+Extensions.swift in Sources */ = {isa = PBXBuildFile; fileRef = 9D014C3F248C4C3600758FCC /* UIViewController+Extensions.swift */; };
		9D13C7ED2487842E0058A7BF /* AppDelegate.swift in Sources */ = {isa = PBXBuildFile; fileRef = 9D13C7EC2487842E0058A7BF /* AppDelegate.swift */; };
		9D13C7EF2487842E0058A7BF /* SceneDelegate.swift in Sources */ = {isa = PBXBuildFile; fileRef = 9D13C7EE2487842E0058A7BF /* SceneDelegate.swift */; };
		9D13C7F12487842E0058A7BF /* ViewController.swift in Sources */ = {isa = PBXBuildFile; fileRef = 9D13C7F02487842E0058A7BF /* ViewController.swift */; };
		9D13C7F42487842E0058A7BF /* Main.storyboard in Resources */ = {isa = PBXBuildFile; fileRef = 9D13C7F22487842E0058A7BF /* Main.storyboard */; };
		9D13C7F6248784330058A7BF /* Assets.xcassets in Resources */ = {isa = PBXBuildFile; fileRef = 9D13C7F5248784330058A7BF /* Assets.xcassets */; };
		9D13C7F9248784330058A7BF /* LaunchScreen.storyboard in Resources */ = {isa = PBXBuildFile; fileRef = 9D13C7F7248784330058A7BF /* LaunchScreen.storyboard */; };
		9D13C80B248788390058A7BF /* CustomButton.swift in Sources */ = {isa = PBXBuildFile; fileRef = 9D13C80A248788390058A7BF /* CustomButton.swift */; };
		9D13C80F248795E40058A7BF /* LoginTextView.xib in Resources */ = {isa = PBXBuildFile; fileRef = 9D13C80E248795E40058A7BF /* LoginTextView.xib */; };
		9D13C811248796900058A7BF /* LoginTextView.swift in Sources */ = {isa = PBXBuildFile; fileRef = 9D13C810248796900058A7BF /* LoginTextView.swift */; };
		9D16A44B24909798005E691E /* WelcomeVC.swift in Sources */ = {isa = PBXBuildFile; fileRef = 9D16A44A24909798005E691E /* WelcomeVC.swift */; };
		9D3D162B2488DA7200AE1B4C /* SetLanguageVC.swift in Sources */ = {isa = PBXBuildFile; fileRef = 9D3D162A2488DA7200AE1B4C /* SetLanguageVC.swift */; };
		9D3D162F2488E2C700AE1B4C /* UIColor+Additions.swift in Sources */ = {isa = PBXBuildFile; fileRef = 9D3D162E2488E2C700AE1B4C /* UIColor+Additions.swift */; };
		9D49E8B124C6D908007CD948 /* TMapSDK.framework in Frameworks */ = {isa = PBXBuildFile; fileRef = 9D49E8B024C6D908007CD948 /* TMapSDK.framework */; };
		9D49E8B224C6D909007CD948 /* TMapSDK.framework in Embed Frameworks */ = {isa = PBXBuildFile; fileRef = 9D49E8B024C6D908007CD948 /* TMapSDK.framework */; settings = {ATTRIBUTES = (CodeSignOnCopy, RemoveHeadersOnCopy, ); }; };
		9D49E8B424C6DCBE007CD948 /* PrivateKey.swift in Sources */ = {isa = PBXBuildFile; fileRef = 9D49E8B324C6DCBE007CD948 /* PrivateKey.swift */; };
		9D5DBB45248D5BAD00D82D40 /* SexButton.xib in Resources */ = {isa = PBXBuildFile; fileRef = 9D5DBB44248D5BAD00D82D40 /* SexButton.xib */; };
		9D5DBB47248D5BBF00D82D40 /* SexButton.swift in Sources */ = {isa = PBXBuildFile; fileRef = 9D5DBB46248D5BBF00D82D40 /* SexButton.swift */; };
		9D5E3EB724BD952200BA4E5F /* SearchCell.swift in Sources */ = {isa = PBXBuildFile; fileRef = 9D5E3EB624BD952200BA4E5F /* SearchCell.swift */; };
		9D8C0A2524BC515A005C1F58 /* Tabbar.storyboard in Resources */ = {isa = PBXBuildFile; fileRef = 9D8C0A2424BC515A005C1F58 /* Tabbar.storyboard */; };
		9D8C0A2724BC525C005C1F58 /* HomeVC.swift in Sources */ = {isa = PBXBuildFile; fileRef = 9D8C0A2624BC525C005C1F58 /* HomeVC.swift */; };
		9D94BDF224BE2C710027B9BF /* ContentDetailVC.swift in Sources */ = {isa = PBXBuildFile; fileRef = 9D94BDF124BE2C710027B9BF /* ContentDetailVC.swift */; };
		9D9694CD24C5E7570046CB85 /* PlaceCell.swift in Sources */ = {isa = PBXBuildFile; fileRef = 9D9694CC24C5E7570046CB85 /* PlaceCell.swift */; };
		9D9694CF24C623F00046CB85 /* PhotoReviewCell.swift in Sources */ = {isa = PBXBuildFile; fileRef = 9D9694CE24C623F00046CB85 /* PhotoReviewCell.swift */; };
		9D9694D624C6D4810046CB85 /* MapVC.swift in Sources */ = {isa = PBXBuildFile; fileRef = 9D9694D524C6D4800046CB85 /* MapVC.swift */; };
		9DA80457248E9200003826B9 /* String+Extensions.swift in Sources */ = {isa = PBXBuildFile; fileRef = 9DA80456248E9200003826B9 /* String+Extensions.swift */; };
		9DEDA6A424BC7D5100E978F5 /* SearchVC.swift in Sources */ = {isa = PBXBuildFile; fileRef = 9DEDA6A324BC7D5100E978F5 /* SearchVC.swift */; };
		9DEDA6A724BCA87D00E978F5 /* CategoryCell.swift in Sources */ = {isa = PBXBuildFile; fileRef = 9DEDA6A624BCA87D00E978F5 /* CategoryCell.swift */; };
		9DEDA6A924BCB70600E978F5 /* CategoryTabbar.xib in Resources */ = {isa = PBXBuildFile; fileRef = 9DEDA6A824BCB70500E978F5 /* CategoryTabbar.xib */; };
		9DEDA6AC24BCB76E00E978F5 /* CategoryTabbar.swift in Sources */ = {isa = PBXBuildFile; fileRef = 9DEDA6AB24BCB76E00E978F5 /* CategoryTabbar.swift */; };
		9DEDA6B024BCC74300E978F5 /* CategoryCell.xib in Resources */ = {isa = PBXBuildFile; fileRef = 9DEDA6AE24BCC74300E978F5 /* CategoryCell.xib */; };
		9DEDA6B224BCD09400E978F5 /* KCategory.swift in Sources */ = {isa = PBXBuildFile; fileRef = 9DEDA6B124BCD09300E978F5 /* KCategory.swift */; };
		9DEDA6BC24BCEE0400E978F5 /* PagingViewCell.swift in Sources */ = {isa = PBXBuildFile; fileRef = 9DEDA6BB24BCEE0400E978F5 /* PagingViewCell.swift */; };
		9DEDA6BE24BCEEF000E978F5 /* TalentChildVC.swift in Sources */ = {isa = PBXBuildFile; fileRef = 9DEDA6BD24BCEEF000E978F5 /* TalentChildVC.swift */; };
		9DEDA6C024BCEEFC00E978F5 /* MovieChildVC.swift in Sources */ = {isa = PBXBuildFile; fileRef = 9DEDA6BF24BCEEFC00E978F5 /* MovieChildVC.swift */; };
/* End PBXBuildFile section */

/* Begin PBXCopyFilesBuildPhase section */
		9D49E8AC24C6D783007CD948 /* Embed Frameworks */ = {
			isa = PBXCopyFilesBuildPhase;
			buildActionMask = 2147483647;
			dstPath = "";
			dstSubfolderSpec = 10;
			files = (
				9D49E8B224C6D909007CD948 /* TMapSDK.framework in Embed Frameworks */,
			);
			name = "Embed Frameworks";
			runOnlyForDeploymentPostprocessing = 0;
		};
/* End PBXCopyFilesBuildPhase section */

/* Begin PBXFileReference section */
		9D014C3D248C4A5E00758FCC /* SignupVC.swift */ = {isa = PBXFileReference; lastKnownFileType = sourcecode.swift; path = SignupVC.swift; sourceTree = "<group>"; };
		9D014C3F248C4C3600758FCC /* UIViewController+Extensions.swift */ = {isa = PBXFileReference; lastKnownFileType = sourcecode.swift; path = "UIViewController+Extensions.swift"; sourceTree = "<group>"; };
		9D13C7E92487842E0058A7BF /* Kravel.app */ = {isa = PBXFileReference; explicitFileType = wrapper.application; includeInIndex = 0; path = Kravel.app; sourceTree = BUILT_PRODUCTS_DIR; };
		9D13C7EC2487842E0058A7BF /* AppDelegate.swift */ = {isa = PBXFileReference; lastKnownFileType = sourcecode.swift; path = AppDelegate.swift; sourceTree = "<group>"; };
		9D13C7EE2487842E0058A7BF /* SceneDelegate.swift */ = {isa = PBXFileReference; lastKnownFileType = sourcecode.swift; path = SceneDelegate.swift; sourceTree = "<group>"; };
		9D13C7F02487842E0058A7BF /* ViewController.swift */ = {isa = PBXFileReference; lastKnownFileType = sourcecode.swift; path = ViewController.swift; sourceTree = "<group>"; };
		9D13C7F32487842E0058A7BF /* Base */ = {isa = PBXFileReference; lastKnownFileType = file.storyboard; name = Base; path = Base.lproj/Main.storyboard; sourceTree = "<group>"; };
		9D13C7F5248784330058A7BF /* Assets.xcassets */ = {isa = PBXFileReference; lastKnownFileType = folder.assetcatalog; path = Assets.xcassets; sourceTree = "<group>"; };
		9D13C7F8248784330058A7BF /* Base */ = {isa = PBXFileReference; lastKnownFileType = file.storyboard; name = Base; path = Base.lproj/LaunchScreen.storyboard; sourceTree = "<group>"; };
		9D13C7FA248784330058A7BF /* Info.plist */ = {isa = PBXFileReference; lastKnownFileType = text.plist.xml; path = Info.plist; sourceTree = "<group>"; };
		9D13C80A248788390058A7BF /* CustomButton.swift */ = {isa = PBXFileReference; lastKnownFileType = sourcecode.swift; path = CustomButton.swift; sourceTree = "<group>"; };
		9D13C80E248795E40058A7BF /* LoginTextView.xib */ = {isa = PBXFileReference; lastKnownFileType = file.xib; path = LoginTextView.xib; sourceTree = "<group>"; };
		9D13C810248796900058A7BF /* LoginTextView.swift */ = {isa = PBXFileReference; lastKnownFileType = sourcecode.swift; path = LoginTextView.swift; sourceTree = "<group>"; };
		9D16A44A24909798005E691E /* WelcomeVC.swift */ = {isa = PBXFileReference; lastKnownFileType = sourcecode.swift; path = WelcomeVC.swift; sourceTree = "<group>"; };
		9D3D162A2488DA7200AE1B4C /* SetLanguageVC.swift */ = {isa = PBXFileReference; lastKnownFileType = sourcecode.swift; path = SetLanguageVC.swift; sourceTree = "<group>"; };
		9D3D162E2488E2C700AE1B4C /* UIColor+Additions.swift */ = {isa = PBXFileReference; fileEncoding = 4; lastKnownFileType = sourcecode.swift; path = "UIColor+Additions.swift"; sourceTree = "<group>"; };
		9D49E8B024C6D908007CD948 /* TMapSDK.framework */ = {isa = PBXFileReference; lastKnownFileType = wrapper.framework; path = TMapSDK.framework; sourceTree = "<group>"; };
		9D49E8B324C6DCBE007CD948 /* PrivateKey.swift */ = {isa = PBXFileReference; lastKnownFileType = sourcecode.swift; path = PrivateKey.swift; sourceTree = "<group>"; };
		9D5DBB44248D5BAD00D82D40 /* SexButton.xib */ = {isa = PBXFileReference; lastKnownFileType = file.xib; path = SexButton.xib; sourceTree = "<group>"; };
		9D5DBB46248D5BBF00D82D40 /* SexButton.swift */ = {isa = PBXFileReference; lastKnownFileType = sourcecode.swift; path = SexButton.swift; sourceTree = "<group>"; };
		9D5E3EB624BD952200BA4E5F /* SearchCell.swift */ = {isa = PBXFileReference; lastKnownFileType = sourcecode.swift; path = SearchCell.swift; sourceTree = "<group>"; };
		9D8C0A2424BC515A005C1F58 /* Tabbar.storyboard */ = {isa = PBXFileReference; lastKnownFileType = file.storyboard; path = Tabbar.storyboard; sourceTree = "<group>"; };
		9D8C0A2624BC525C005C1F58 /* HomeVC.swift */ = {isa = PBXFileReference; lastKnownFileType = sourcecode.swift; path = HomeVC.swift; sourceTree = "<group>"; };
		9D94BDF124BE2C710027B9BF /* ContentDetailVC.swift */ = {isa = PBXFileReference; lastKnownFileType = sourcecode.swift; path = ContentDetailVC.swift; sourceTree = "<group>"; };
		9D9694CC24C5E7570046CB85 /* PlaceCell.swift */ = {isa = PBXFileReference; lastKnownFileType = sourcecode.swift; path = PlaceCell.swift; sourceTree = "<group>"; };
		9D9694CE24C623F00046CB85 /* PhotoReviewCell.swift */ = {isa = PBXFileReference; lastKnownFileType = sourcecode.swift; path = PhotoReviewCell.swift; sourceTree = "<group>"; };
		9D9694D524C6D4800046CB85 /* MapVC.swift */ = {isa = PBXFileReference; lastKnownFileType = sourcecode.swift; path = MapVC.swift; sourceTree = "<group>"; };
		9DA80456248E9200003826B9 /* String+Extensions.swift */ = {isa = PBXFileReference; lastKnownFileType = sourcecode.swift; path = "String+Extensions.swift"; sourceTree = "<group>"; };
		9DEDA6A324BC7D5100E978F5 /* SearchVC.swift */ = {isa = PBXFileReference; lastKnownFileType = sourcecode.swift; path = SearchVC.swift; sourceTree = "<group>"; };
		9DEDA6A624BCA87D00E978F5 /* CategoryCell.swift */ = {isa = PBXFileReference; lastKnownFileType = sourcecode.swift; path = CategoryCell.swift; sourceTree = "<group>"; };
		9DEDA6A824BCB70500E978F5 /* CategoryTabbar.xib */ = {isa = PBXFileReference; lastKnownFileType = file.xib; path = CategoryTabbar.xib; sourceTree = "<group>"; };
		9DEDA6AB24BCB76E00E978F5 /* CategoryTabbar.swift */ = {isa = PBXFileReference; lastKnownFileType = sourcecode.swift; path = CategoryTabbar.swift; sourceTree = "<group>"; };
		9DEDA6AE24BCC74300E978F5 /* CategoryCell.xib */ = {isa = PBXFileReference; lastKnownFileType = file.xib; path = CategoryCell.xib; sourceTree = "<group>"; };
		9DEDA6B124BCD09300E978F5 /* KCategory.swift */ = {isa = PBXFileReference; lastKnownFileType = sourcecode.swift; path = KCategory.swift; sourceTree = "<group>"; };
		9DEDA6BB24BCEE0400E978F5 /* PagingViewCell.swift */ = {isa = PBXFileReference; lastKnownFileType = sourcecode.swift; path = PagingViewCell.swift; sourceTree = "<group>"; };
		9DEDA6BD24BCEEF000E978F5 /* TalentChildVC.swift */ = {isa = PBXFileReference; lastKnownFileType = sourcecode.swift; path = TalentChildVC.swift; sourceTree = "<group>"; };
		9DEDA6BF24BCEEFC00E978F5 /* MovieChildVC.swift */ = {isa = PBXFileReference; lastKnownFileType = sourcecode.swift; path = MovieChildVC.swift; sourceTree = "<group>"; };
/* End PBXFileReference section */

/* Begin PBXFrameworksBuildPhase section */
		9D13C7E62487842E0058A7BF /* Frameworks */ = {
			isa = PBXFrameworksBuildPhase;
			buildActionMask = 2147483647;
			files = (
				9D49E8B124C6D908007CD948 /* TMapSDK.framework in Frameworks */,
			);
			runOnlyForDeploymentPostprocessing = 0;
		};
/* End PBXFrameworksBuildPhase section */

/* Begin PBXGroup section */
		9D13C7E02487842E0058A7BF = {
			isa = PBXGroup;
			children = (
				9D13C7EB2487842E0058A7BF /* Kravel */,
				9D13C7EA2487842E0058A7BF /* Products */,
				9D49E8AF24C6D908007CD948 /* Frameworks */,
			);
			sourceTree = "<group>";
		};
		9D13C7EA2487842E0058A7BF /* Products */ = {
			isa = PBXGroup;
			children = (
				9D13C7E92487842E0058A7BF /* Kravel.app */,
			);
			name = Products;
			sourceTree = "<group>";
		};
		9D13C7EB2487842E0058A7BF /* Kravel */ = {
			isa = PBXGroup;
			children = (
				9D13C800248784440058A7BF /* Resources */,
				9D13C801248784500058A7BF /* Sources */,
				9D13C7FA248784330058A7BF /* Info.plist */,
			);
			path = Kravel;
			sourceTree = "<group>";
		};
		9D13C800248784440058A7BF /* Resources */ = {
			isa = PBXGroup;
			children = (
				9D13C7F5248784330058A7BF /* Assets.xcassets */,
				9D13C808248784E20058A7BF /* APIService */,
				9D13C807248784DA0058A7BF /* Xib */,
				9D13C806248784C90058A7BF /* Storyboard */,
			);
			path = Resources;
			sourceTree = "<group>";
		};
		9D13C801248784500058A7BF /* Sources */ = {
			isa = PBXGroup;
			children = (
				9D13C7EC2487842E0058A7BF /* AppDelegate.swift */,
				9D13C7EE2487842E0058A7BF /* SceneDelegate.swift */,
				9D13C805248784B40058A7BF /* Extension */,
				9DA80453248E5962003826B9 /* Util */,
				9D13C804248784AE0058A7BF /* Model */,
				9D13C803248784A50058A7BF /* ViewController */,
				9D13C8022487849E0058A7BF /* View */,
			);
			path = Sources;
			sourceTree = "<group>";
		};
		9D13C8022487849E0058A7BF /* View */ = {
			isa = PBXGroup;
			children = (
				9D13C810248796900058A7BF /* LoginTextView.swift */,
				9DEDA6AA24BCB72300E978F5 /* Tabbar */,
				9DEDA6A524BCA86000E978F5 /* CollectionViewCell */,
				9D13C809248788280058A7BF /* Button */,
			);
			path = View;
			sourceTree = "<group>";
		};
		9D13C803248784A50058A7BF /* ViewController */ = {
			isa = PBXGroup;
			children = (
				9D13C7F02487842E0058A7BF /* ViewController.swift */,
				9D3D162A2488DA7200AE1B4C /* SetLanguageVC.swift */,
				9D014C3D248C4A5E00758FCC /* SignupVC.swift */,
				9D16A44A24909798005E691E /* WelcomeVC.swift */,
				9D8C0A2624BC525C005C1F58 /* HomeVC.swift */,
				9DEDA6A324BC7D5100E978F5 /* SearchVC.swift */,
				9DEDA6BD24BCEEF000E978F5 /* TalentChildVC.swift */,
				9DEDA6BF24BCEEFC00E978F5 /* MovieChildVC.swift */,
				9D94BDF124BE2C710027B9BF /* ContentDetailVC.swift */,
				9D9694D524C6D4800046CB85 /* MapVC.swift */,
			);
			path = ViewController;
			sourceTree = "<group>";
		};
		9D13C804248784AE0058A7BF /* Model */ = {
			isa = PBXGroup;
			children = (
				9DEDA6B124BCD09300E978F5 /* KCategory.swift */,
				9D49E8B324C6DCBE007CD948 /* PrivateKey.swift */,
			);
			path = Model;
			sourceTree = "<group>";
		};
		9D13C805248784B40058A7BF /* Extension */ = {
			isa = PBXGroup;
			children = (
				9D3D162E2488E2C700AE1B4C /* UIColor+Additions.swift */,
				9D014C3F248C4C3600758FCC /* UIViewController+Extensions.swift */,
				9DA80456248E9200003826B9 /* String+Extensions.swift */,
			);
			path = Extension;
			sourceTree = "<group>";
		};
		9D13C806248784C90058A7BF /* Storyboard */ = {
			isa = PBXGroup;
			children = (
				9D13C7F22487842E0058A7BF /* Main.storyboard */,
				9D13C7F7248784330058A7BF /* LaunchScreen.storyboard */,
				9D8C0A2424BC515A005C1F58 /* Tabbar.storyboard */,
			);
			path = Storyboard;
			sourceTree = "<group>";
		};
		9D13C807248784DA0058A7BF /* Xib */ = {
			isa = PBXGroup;
			children = (
				9D13C80E248795E40058A7BF /* LoginTextView.xib */,
				9D5DBB44248D5BAD00D82D40 /* SexButton.xib */,
				9DEDA6A824BCB70500E978F5 /* CategoryTabbar.xib */,
				9DEDA6AE24BCC74300E978F5 /* CategoryCell.xib */,
			);
			path = Xib;
			sourceTree = "<group>";
		};
		9D13C808248784E20058A7BF /* APIService */ = {
			isa = PBXGroup;
			children = (
			);
			path = APIService;
			sourceTree = "<group>";
		};
		9D13C809248788280058A7BF /* Button */ = {
			isa = PBXGroup;
			children = (
				9D13C80A248788390058A7BF /* CustomButton.swift */,
				9D5DBB46248D5BBF00D82D40 /* SexButton.swift */,
			);
			path = Button;
			sourceTree = "<group>";
		};
		9D49E8AF24C6D908007CD948 /* Frameworks */ = {
			isa = PBXGroup;
			children = (
				9D49E8B024C6D908007CD948 /* TMapSDK.framework */,
			);
			name = Frameworks;
			sourceTree = "<group>";
		};
		9DA80453248E5962003826B9 /* Util */ = {
			isa = PBXGroup;
			children = (
			);
			path = Util;
			sourceTree = "<group>";
		};
		9DEDA6A524BCA86000E978F5 /* CollectionViewCell */ = {
			isa = PBXGroup;
			children = (
				9DEDA6A624BCA87D00E978F5 /* CategoryCell.swift */,
				9DEDA6BB24BCEE0400E978F5 /* PagingViewCell.swift */,
				9D5E3EB624BD952200BA4E5F /* SearchCell.swift */,
				9D9694CC24C5E7570046CB85 /* PlaceCell.swift */,
				9D9694CE24C623F00046CB85 /* PhotoReviewCell.swift */,
			);
			path = CollectionViewCell;
			sourceTree = "<group>";
		};
		9DEDA6AA24BCB72300E978F5 /* Tabbar */ = {
			isa = PBXGroup;
			children = (
				9DEDA6AB24BCB76E00E978F5 /* CategoryTabbar.swift */,
			);
			path = Tabbar;
			sourceTree = "<group>";
		};
/* End PBXGroup section */

/* Begin PBXNativeTarget section */
		9D13C7E82487842E0058A7BF /* Kravel */ = {
			isa = PBXNativeTarget;
			buildConfigurationList = 9D13C7FD248784330058A7BF /* Build configuration list for PBXNativeTarget "Kravel" */;
			buildPhases = (
				9D13C7E52487842E0058A7BF /* Sources */,
				9D13C7E62487842E0058A7BF /* Frameworks */,
				9D13C7E72487842E0058A7BF /* Resources */,
				9D49E8AC24C6D783007CD948 /* Embed Frameworks */,
			);
			buildRules = (
			);
			dependencies = (
			);
			name = Kravel;
			productName = Kravel;
			productReference = 9D13C7E92487842E0058A7BF /* Kravel.app */;
			productType = "com.apple.product-type.application";
		};
/* End PBXNativeTarget section */

/* Begin PBXProject section */
		9D13C7E12487842E0058A7BF /* Project object */ = {
			isa = PBXProject;
			attributes = {
				LastSwiftUpdateCheck = 1150;
				LastUpgradeCheck = 1150;
				ORGANIZATIONNAME = "윤동민";
				TargetAttributes = {
					9D13C7E82487842E0058A7BF = {
						CreatedOnToolsVersion = 11.5;
					};
				};
			};
			buildConfigurationList = 9D13C7E42487842E0058A7BF /* Build configuration list for PBXProject "Kravel" */;
			compatibilityVersion = "Xcode 9.3";
			developmentRegion = en;
			hasScannedForEncodings = 0;
			knownRegions = (
				en,
				Base,
			);
			mainGroup = 9D13C7E02487842E0058A7BF;
			productRefGroup = 9D13C7EA2487842E0058A7BF /* Products */;
			projectDirPath = "";
			projectRoot = "";
			targets = (
				9D13C7E82487842E0058A7BF /* Kravel */,
			);
		};
/* End PBXProject section */

/* Begin PBXResourcesBuildPhase section */
		9D13C7E72487842E0058A7BF /* Resources */ = {
			isa = PBXResourcesBuildPhase;
			buildActionMask = 2147483647;
			files = (
				9D8C0A2524BC515A005C1F58 /* Tabbar.storyboard in Resources */,
				9D13C7F9248784330058A7BF /* LaunchScreen.storyboard in Resources */,
				9D13C7F6248784330058A7BF /* Assets.xcassets in Resources */,
				9D5DBB45248D5BAD00D82D40 /* SexButton.xib in Resources */,
				9DEDA6A924BCB70600E978F5 /* CategoryTabbar.xib in Resources */,
				9D13C7F42487842E0058A7BF /* Main.storyboard in Resources */,
				9D13C80F248795E40058A7BF /* LoginTextView.xib in Resources */,
				9DEDA6B024BCC74300E978F5 /* CategoryCell.xib in Resources */,
			);
			runOnlyForDeploymentPostprocessing = 0;
		};
/* End PBXResourcesBuildPhase section */

/* Begin PBXSourcesBuildPhase section */
		9D13C7E52487842E0058A7BF /* Sources */ = {
			isa = PBXSourcesBuildPhase;
			buildActionMask = 2147483647;
			files = (
				9D5DBB47248D5BBF00D82D40 /* SexButton.swift in Sources */,
				9D014C3E248C4A5E00758FCC /* SignupVC.swift in Sources */,
				9D13C80B248788390058A7BF /* CustomButton.swift in Sources */,
				9D16A44B24909798005E691E /* WelcomeVC.swift in Sources */,
				9DEDA6BE24BCEEF000E978F5 /* TalentChildVC.swift in Sources */,
				9D8C0A2724BC525C005C1F58 /* HomeVC.swift in Sources */,
				9D3D162B2488DA7200AE1B4C /* SetLanguageVC.swift in Sources */,
				9DEDA6A424BC7D5100E978F5 /* SearchVC.swift in Sources */,
				9DA80457248E9200003826B9 /* String+Extensions.swift in Sources */,
				9D9694CD24C5E7570046CB85 /* PlaceCell.swift in Sources */,
				9D94BDF224BE2C710027B9BF /* ContentDetailVC.swift in Sources */,
				9D13C811248796900058A7BF /* LoginTextView.swift in Sources */,
				9D9694CF24C623F00046CB85 /* PhotoReviewCell.swift in Sources */,
				9D5E3EB724BD952200BA4E5F /* SearchCell.swift in Sources */,
				9DEDA6AC24BCB76E00E978F5 /* CategoryTabbar.swift in Sources */,
				9D9694D624C6D4810046CB85 /* MapVC.swift in Sources */,
				9D014C40248C4C3600758FCC /* UIViewController+Extensions.swift in Sources */,
				9DEDA6B224BCD09400E978F5 /* KCategory.swift in Sources */,
				9D13C7F12487842E0058A7BF /* ViewController.swift in Sources */,
				9DEDA6C024BCEEFC00E978F5 /* MovieChildVC.swift in Sources */,
				9D13C7ED2487842E0058A7BF /* AppDelegate.swift in Sources */,
				9D13C7EF2487842E0058A7BF /* SceneDelegate.swift in Sources */,
				9D3D162F2488E2C700AE1B4C /* UIColor+Additions.swift in Sources */,
				9DEDA6BC24BCEE0400E978F5 /* PagingViewCell.swift in Sources */,
				9DEDA6A724BCA87D00E978F5 /* CategoryCell.swift in Sources */,
				9D49E8B424C6DCBE007CD948 /* PrivateKey.swift in Sources */,
			);
			runOnlyForDeploymentPostprocessing = 0;
		};
/* End PBXSourcesBuildPhase section */

/* Begin PBXVariantGroup section */
		9D13C7F22487842E0058A7BF /* Main.storyboard */ = {
			isa = PBXVariantGroup;
			children = (
				9D13C7F32487842E0058A7BF /* Base */,
			);
			name = Main.storyboard;
			sourceTree = "<group>";
		};
		9D13C7F7248784330058A7BF /* LaunchScreen.storyboard */ = {
			isa = PBXVariantGroup;
			children = (
				9D13C7F8248784330058A7BF /* Base */,
			);
			name = LaunchScreen.storyboard;
			sourceTree = "<group>";
		};
/* End PBXVariantGroup section */

/* Begin XCBuildConfiguration section */
		9D13C7FB248784330058A7BF /* Debug */ = {
			isa = XCBuildConfiguration;
			buildSettings = {
				ALWAYS_SEARCH_USER_PATHS = NO;
				CLANG_ANALYZER_NONNULL = YES;
				CLANG_ANALYZER_NUMBER_OBJECT_CONVERSION = YES_AGGRESSIVE;
				CLANG_CXX_LANGUAGE_STANDARD = "gnu++14";
				CLANG_CXX_LIBRARY = "libc++";
				CLANG_ENABLE_MODULES = YES;
				CLANG_ENABLE_OBJC_ARC = YES;
				CLANG_ENABLE_OBJC_WEAK = YES;
				CLANG_WARN_BLOCK_CAPTURE_AUTORELEASING = YES;
				CLANG_WARN_BOOL_CONVERSION = YES;
				CLANG_WARN_COMMA = YES;
				CLANG_WARN_CONSTANT_CONVERSION = YES;
				CLANG_WARN_DEPRECATED_OBJC_IMPLEMENTATIONS = YES;
				CLANG_WARN_DIRECT_OBJC_ISA_USAGE = YES_ERROR;
				CLANG_WARN_DOCUMENTATION_COMMENTS = YES;
				CLANG_WARN_EMPTY_BODY = YES;
				CLANG_WARN_ENUM_CONVERSION = YES;
				CLANG_WARN_INFINITE_RECURSION = YES;
				CLANG_WARN_INT_CONVERSION = YES;
				CLANG_WARN_NON_LITERAL_NULL_CONVERSION = YES;
				CLANG_WARN_OBJC_IMPLICIT_RETAIN_SELF = YES;
				CLANG_WARN_OBJC_LITERAL_CONVERSION = YES;
				CLANG_WARN_OBJC_ROOT_CLASS = YES_ERROR;
				CLANG_WARN_RANGE_LOOP_ANALYSIS = YES;
				CLANG_WARN_STRICT_PROTOTYPES = YES;
				CLANG_WARN_SUSPICIOUS_MOVE = YES;
				CLANG_WARN_UNGUARDED_AVAILABILITY = YES_AGGRESSIVE;
				CLANG_WARN_UNREACHABLE_CODE = YES;
				CLANG_WARN__DUPLICATE_METHOD_MATCH = YES;
				COPY_PHASE_STRIP = NO;
				DEBUG_INFORMATION_FORMAT = dwarf;
				ENABLE_STRICT_OBJC_MSGSEND = YES;
				ENABLE_TESTABILITY = YES;
				GCC_C_LANGUAGE_STANDARD = gnu11;
				GCC_DYNAMIC_NO_PIC = NO;
				GCC_NO_COMMON_BLOCKS = YES;
				GCC_OPTIMIZATION_LEVEL = 0;
				GCC_PREPROCESSOR_DEFINITIONS = (
					"DEBUG=1",
					"$(inherited)",
				);
				GCC_WARN_64_TO_32_BIT_CONVERSION = YES;
				GCC_WARN_ABOUT_RETURN_TYPE = YES_ERROR;
				GCC_WARN_UNDECLARED_SELECTOR = YES;
				GCC_WARN_UNINITIALIZED_AUTOS = YES_AGGRESSIVE;
				GCC_WARN_UNUSED_FUNCTION = YES;
				GCC_WARN_UNUSED_VARIABLE = YES;
				IPHONEOS_DEPLOYMENT_TARGET = 13.5;
				MTL_ENABLE_DEBUG_INFO = INCLUDE_SOURCE;
				MTL_FAST_MATH = YES;
				ONLY_ACTIVE_ARCH = YES;
				SDKROOT = iphoneos;
				SWIFT_ACTIVE_COMPILATION_CONDITIONS = DEBUG;
				SWIFT_OPTIMIZATION_LEVEL = "-Onone";
			};
			name = Debug;
		};
		9D13C7FC248784330058A7BF /* Release */ = {
			isa = XCBuildConfiguration;
			buildSettings = {
				ALWAYS_SEARCH_USER_PATHS = NO;
				CLANG_ANALYZER_NONNULL = YES;
				CLANG_ANALYZER_NUMBER_OBJECT_CONVERSION = YES_AGGRESSIVE;
				CLANG_CXX_LANGUAGE_STANDARD = "gnu++14";
				CLANG_CXX_LIBRARY = "libc++";
				CLANG_ENABLE_MODULES = YES;
				CLANG_ENABLE_OBJC_ARC = YES;
				CLANG_ENABLE_OBJC_WEAK = YES;
				CLANG_WARN_BLOCK_CAPTURE_AUTORELEASING = YES;
				CLANG_WARN_BOOL_CONVERSION = YES;
				CLANG_WARN_COMMA = YES;
				CLANG_WARN_CONSTANT_CONVERSION = YES;
				CLANG_WARN_DEPRECATED_OBJC_IMPLEMENTATIONS = YES;
				CLANG_WARN_DIRECT_OBJC_ISA_USAGE = YES_ERROR;
				CLANG_WARN_DOCUMENTATION_COMMENTS = YES;
				CLANG_WARN_EMPTY_BODY = YES;
				CLANG_WARN_ENUM_CONVERSION = YES;
				CLANG_WARN_INFINITE_RECURSION = YES;
				CLANG_WARN_INT_CONVERSION = YES;
				CLANG_WARN_NON_LITERAL_NULL_CONVERSION = YES;
				CLANG_WARN_OBJC_IMPLICIT_RETAIN_SELF = YES;
				CLANG_WARN_OBJC_LITERAL_CONVERSION = YES;
				CLANG_WARN_OBJC_ROOT_CLASS = YES_ERROR;
				CLANG_WARN_RANGE_LOOP_ANALYSIS = YES;
				CLANG_WARN_STRICT_PROTOTYPES = YES;
				CLANG_WARN_SUSPICIOUS_MOVE = YES;
				CLANG_WARN_UNGUARDED_AVAILABILITY = YES_AGGRESSIVE;
				CLANG_WARN_UNREACHABLE_CODE = YES;
				CLANG_WARN__DUPLICATE_METHOD_MATCH = YES;
				COPY_PHASE_STRIP = NO;
				DEBUG_INFORMATION_FORMAT = "dwarf-with-dsym";
				ENABLE_NS_ASSERTIONS = NO;
				ENABLE_STRICT_OBJC_MSGSEND = YES;
				GCC_C_LANGUAGE_STANDARD = gnu11;
				GCC_NO_COMMON_BLOCKS = YES;
				GCC_WARN_64_TO_32_BIT_CONVERSION = YES;
				GCC_WARN_ABOUT_RETURN_TYPE = YES_ERROR;
				GCC_WARN_UNDECLARED_SELECTOR = YES;
				GCC_WARN_UNINITIALIZED_AUTOS = YES_AGGRESSIVE;
				GCC_WARN_UNUSED_FUNCTION = YES;
				GCC_WARN_UNUSED_VARIABLE = YES;
				IPHONEOS_DEPLOYMENT_TARGET = 13.5;
				MTL_ENABLE_DEBUG_INFO = NO;
				MTL_FAST_MATH = YES;
				SDKROOT = iphoneos;
				SWIFT_COMPILATION_MODE = wholemodule;
				SWIFT_OPTIMIZATION_LEVEL = "-O";
				VALIDATE_PRODUCT = YES;
			};
			name = Release;
		};
		9D13C7FE248784330058A7BF /* Debug */ = {
			isa = XCBuildConfiguration;
			buildSettings = {
				ASSETCATALOG_COMPILER_APPICON_NAME = AppIcon;
				CODE_SIGN_STYLE = Automatic;
				DEVELOPMENT_TEAM = AKW8XUH283;
				FRAMEWORK_SEARCH_PATHS = (
					"$(inherited)",
					"$(PROJECT_DIR)",
				);
				INFOPLIST_FILE = Kravel/Info.plist;
				LD_RUNPATH_SEARCH_PATHS = (
					"$(inherited)",
					"@executable_path/Frameworks",
				);
				PRODUCT_BUNDLE_IDENTIFIER = "-01421036.Kravel";
				PRODUCT_NAME = "$(TARGET_NAME)";
				SWIFT_VERSION = 5.0;
				TARGETED_DEVICE_FAMILY = "1,2";
			};
			name = Debug;
		};
		9D13C7FF248784330058A7BF /* Release */ = {
			isa = XCBuildConfiguration;
			buildSettings = {
				ASSETCATALOG_COMPILER_APPICON_NAME = AppIcon;
				CODE_SIGN_STYLE = Automatic;
				DEVELOPMENT_TEAM = AKW8XUH283;
				FRAMEWORK_SEARCH_PATHS = (
					"$(inherited)",
					"$(PROJECT_DIR)",
				);
				INFOPLIST_FILE = Kravel/Info.plist;
				LD_RUNPATH_SEARCH_PATHS = (
					"$(inherited)",
					"@executable_path/Frameworks",
				);
				PRODUCT_BUNDLE_IDENTIFIER = "-01421036.Kravel";
				PRODUCT_NAME = "$(TARGET_NAME)";
				SWIFT_VERSION = 5.0;
				TARGETED_DEVICE_FAMILY = "1,2";
			};
			name = Release;
		};
/* End XCBuildConfiguration section */

/* Begin XCConfigurationList section */
		9D13C7E42487842E0058A7BF /* Build configuration list for PBXProject "Kravel" */ = {
			isa = XCConfigurationList;
			buildConfigurations = (
				9D13C7FB248784330058A7BF /* Debug */,
				9D13C7FC248784330058A7BF /* Release */,
			);
			defaultConfigurationIsVisible = 0;
			defaultConfigurationName = Release;
		};
		9D13C7FD248784330058A7BF /* Build configuration list for PBXNativeTarget "Kravel" */ = {
			isa = XCConfigurationList;
			buildConfigurations = (
				9D13C7FE248784330058A7BF /* Debug */,
				9D13C7FF248784330058A7BF /* Release */,
			);
			defaultConfigurationIsVisible = 0;
			defaultConfigurationName = Release;
		};
/* End XCConfigurationList section */
	};
	rootObject = 9D13C7E12487842E0058A7BF /* Project object */;
}
